
Microsoft Visual Studio Solution File, Format Version 12.00
# Visual Studio Version 17
VisualStudioVersion = 17.0.31903.59
MinimumVisualStudioVersion = 10.0.40219.1
Project("{FAE04EC0-301F-11D3-BF4B-00C04F79EFBC}") = "Graphics2", "Graphics2\Graphics2.csproj", "{C940E86F-D22B-4A6D-AF5C-C40DF52BC93B}"
EndProject
Global
	GlobalSection(SolutionConfigurationPlatforms) = preSolution
		Debug|Any CPU = Debug|Any CPU
		Release|Any CPU = Release|Any CPU
	EndGlobalSection
	GlobalSection(ProjectConfigurationPlatforms) = postSolution
		{C940E86F-D22B-4A6D-AF5C-C40DF52BC93B}.Debug|Any CPU.ActiveCfg = Debug|Any CPU
		{C940E86F-D22B-4A6D-AF5C-C40DF52BC93B}.Debug|Any CPU.Build.0 = Debug|Any CPU
		{C940E86F-D22B-4A6D-AF5C-C40DF52BC93B}.Release|Any CPU.ActiveCfg = Release|Any CPU
		{C940E86F-D22B-4A6D-AF5C-C40DF52BC93B}.Release|Any CPU.Build.0 = Release|Any CPU
	EndGlobalSection
	GlobalSection(SolutionProperties) = preSolution
		HideSolutionNode = FALSE
	EndGlobalSection
	GlobalSection(ExtensibilityGlobals) = postSolution
		SolutionGuid = {47C84F04-5CE1-4599-8B03-604C3BF5780D}
	EndGlobalSection
EndGlobal
